
Microsoft Visual Studio Solution File, Format Version 12.00
# Visual Studio 15
VisualStudioVersion = 15.0.27130.2027
MinimumVisualStudioVersion = 10.0.40219.1
Project("{FAE04EC0-301F-11D3-BF4B-00C04F79EFBC}") = "Ponsle", "Ponsle\Ponsle.csproj", "{2DBC4561-124A-4924-8876-625EC8122B7A}"
EndProject
Project("{FAE04EC0-301F-11D3-BF4B-00C04F79EFBC}") = "SmartUtils", "..\dev\SmartUtils\SmartUtils.csproj", "{1EEDD59C-75C6-478B-A2EE-0F2110DA83D8}"
EndProject
Project("{FAE04EC0-301F-11D3-BF4B-00C04F79EFBC}") = "PonsleAPI", "PonsoleAPI\PonsleAPI.csproj", "{64CDD94D-29A0-4907-903B-C5CE32ABDF01}"
EndProject
Project("{FAE04EC0-301F-11D3-BF4B-00C04F79EFBC}") = "Ponsle_std", "Ponsole_std\Ponsle_std.csproj", "{BA7B20CA-5644-4D46-BB94-4368DE22C21D}"
EndProject
Project("{FAE04EC0-301F-11D3-BF4B-00C04F79EFBC}") = "Ponsle Package Manager", "Ponsle Package Manager\Ponsle Package Manager.csproj", "{E4B5D753-C220-46C5-AFA9-F143BB2B97F9}"
EndProject
Project("{930C7802-8A8C-48F9-8165-68863BCCD9DD}") = "Ponsle Installer", "Ponsle Installer\Ponsle Installer.wixproj", "{0F91900D-CC2E-45AE-98FE-DFDBDB4053EE}"
EndProject
Global
	GlobalSection(SolutionConfigurationPlatforms) = preSolution
		Debug|Any CPU = Debug|Any CPU
		Debug|x86 = Debug|x86
		Release|Any CPU = Release|Any CPU
		Release|x86 = Release|x86
	EndGlobalSection
	GlobalSection(ProjectConfigurationPlatforms) = postSolution
		{2DBC4561-124A-4924-8876-625EC8122B7A}.Debug|Any CPU.ActiveCfg = Debug|Any CPU
		{2DBC4561-124A-4924-8876-625EC8122B7A}.Debug|Any CPU.Build.0 = Debug|Any CPU
		{2DBC4561-124A-4924-8876-625EC8122B7A}.Debug|x86.ActiveCfg = Debug|Any CPU
		{2DBC4561-124A-4924-8876-625EC8122B7A}.Debug|x86.Build.0 = Debug|Any CPU
		{2DBC4561-124A-4924-8876-625EC8122B7A}.Release|Any CPU.ActiveCfg = Release|Any CPU
		{2DBC4561-124A-4924-8876-625EC8122B7A}.Release|Any CPU.Build.0 = Release|Any CPU
		{2DBC4561-124A-4924-8876-625EC8122B7A}.Release|x86.ActiveCfg = Release|Any CPU
		{2DBC4561-124A-4924-8876-625EC8122B7A}.Release|x86.Build.0 = Release|Any CPU
		{1EEDD59C-75C6-478B-A2EE-0F2110DA83D8}.Debug|Any CPU.ActiveCfg = Debug|Any CPU
		{1EEDD59C-75C6-478B-A2EE-0F2110DA83D8}.Debug|Any CPU.Build.0 = Debug|Any CPU
		{1EEDD59C-75C6-478B-A2EE-0F2110DA83D8}.Debug|x86.ActiveCfg = Debug|Any CPU
		{1EEDD59C-75C6-478B-A2EE-0F2110DA83D8}.Debug|x86.Build.0 = Debug|Any CPU
		{1EEDD59C-75C6-478B-A2EE-0F2110DA83D8}.Release|Any CPU.ActiveCfg = Release|Any CPU
		{1EEDD59C-75C6-478B-A2EE-0F2110DA83D8}.Release|Any CPU.Build.0 = Release|Any CPU
		{1EEDD59C-75C6-478B-A2EE-0F2110DA83D8}.Release|x86.ActiveCfg = Release|Any CPU
		{1EEDD59C-75C6-478B-A2EE-0F2110DA83D8}.Release|x86.Build.0 = Release|Any CPU
		{64CDD94D-29A0-4907-903B-C5CE32ABDF01}.Debug|Any CPU.ActiveCfg = Debug|Any CPU
		{64CDD94D-29A0-4907-903B-C5CE32ABDF01}.Debug|Any CPU.Build.0 = Debug|Any CPU
		{64CDD94D-29A0-4907-903B-C5CE32ABDF01}.Debug|x86.ActiveCfg = Debug|Any CPU
		{64CDD94D-29A0-4907-903B-C5CE32ABDF01}.Debug|x86.Build.0 = Debug|Any CPU
		{64CDD94D-29A0-4907-903B-C5CE32ABDF01}.Release|Any CPU.ActiveCfg = Release|Any CPU
		{64CDD94D-29A0-4907-903B-C5CE32ABDF01}.Release|Any CPU.Build.0 = Release|Any CPU
		{64CDD94D-29A0-4907-903B-C5CE32ABDF01}.Release|x86.ActiveCfg = Release|Any CPU
		{64CDD94D-29A0-4907-903B-C5CE32ABDF01}.Release|x86.Build.0 = Release|Any CPU
		{BA7B20CA-5644-4D46-BB94-4368DE22C21D}.Debug|Any CPU.ActiveCfg = Debug|Any CPU
		{BA7B20CA-5644-4D46-BB94-4368DE22C21D}.Debug|Any CPU.Build.0 = Debug|Any CPU
		{BA7B20CA-5644-4D46-BB94-4368DE22C21D}.Debug|x86.ActiveCfg = Debug|Any CPU
		{BA7B20CA-5644-4D46-BB94-4368DE22C21D}.Debug|x86.Build.0 = Debug|Any CPU
		{BA7B20CA-5644-4D46-BB94-4368DE22C21D}.Release|Any CPU.ActiveCfg = Release|Any CPU
		{BA7B20CA-5644-4D46-BB94-4368DE22C21D}.Release|Any CPU.Build.0 = Release|Any CPU
		{BA7B20CA-5644-4D46-BB94-4368DE22C21D}.Release|x86.ActiveCfg = Release|Any CPU
		{BA7B20CA-5644-4D46-BB94-4368DE22C21D}.Release|x86.Build.0 = Release|Any CPU
		{E4B5D753-C220-46C5-AFA9-F143BB2B97F9}.Debug|Any CPU.ActiveCfg = Debug|Any CPU
		{E4B5D753-C220-46C5-AFA9-F143BB2B97F9}.Debug|Any CPU.Build.0 = Debug|Any CPU
		{E4B5D753-C220-46C5-AFA9-F143BB2B97F9}.Debug|x86.ActiveCfg = Debug|Any CPU
		{E4B5D753-C220-46C5-AFA9-F143BB2B97F9}.Debug|x86.Build.0 = Debug|Any CPU
		{E4B5D753-C220-46C5-AFA9-F143BB2B97F9}.Release|Any CPU.ActiveCfg = Release|Any CPU
		{E4B5D753-C220-46C5-AFA9-F143BB2B97F9}.Release|Any CPU.Build.0 = Release|Any CPU
		{E4B5D753-C220-46C5-AFA9-F143BB2B97F9}.Release|x86.ActiveCfg = Release|Any CPU
		{E4B5D753-C220-46C5-AFA9-F143BB2B97F9}.Release|x86.Build.0 = Release|Any CPU
		{0F91900D-CC2E-45AE-98FE-DFDBDB4053EE}.Debug|Any CPU.ActiveCfg = Debug|x86
		{0F91900D-CC2E-45AE-98FE-DFDBDB4053EE}.Debug|x86.ActiveCfg = Debug|x86
		{0F91900D-CC2E-45AE-98FE-DFDBDB4053EE}.Debug|x86.Build.0 = Debug|x86
		{0F91900D-CC2E-45AE-98FE-DFDBDB4053EE}.Release|Any CPU.ActiveCfg = Release|x86
		{0F91900D-CC2E-45AE-98FE-DFDBDB4053EE}.Release|x86.ActiveCfg = Release|x86
		{0F91900D-CC2E-45AE-98FE-DFDBDB4053EE}.Release|x86.Build.0 = Release|x86
	EndGlobalSection
	GlobalSection(SolutionProperties) = preSolution
		HideSolutionNode = FALSE
	EndGlobalSection
	GlobalSection(ExtensibilityGlobals) = postSolution
		SolutionGuid = {29397D88-BDB3-4726-9413-2EBF0B9F4FB8}
	EndGlobalSection
EndGlobal
